{
  "name": "ldcrback",
  "version": "1.0.0",
  "lockfileVersion": 2,
  "requires": true,
  "packages": {
    "": {
      "name": "ldcrback",
      "version": "1.0.0",
      "license": "ISC",
      "dependencies": {
        "fs": "latest"
      }
    },
    "node_modules/fs": {
      "version": "0.0.1-security",
      "resolved": "https://globaldevtools.bbva.com:443/artifactory/api/npm/npm-repo/fs/-/fs-0.0.1-security.tgz",
      "integrity": "sha1-invTcYa23d84E/I4WLV+yq9eQdQ=",
      "license": "ISC"
    }
  },
  "dependencies": {
    "fs": {
      "version": "0.0.1-security",
      "resolved": "https://globaldevtools.bbva.com:443/artifactory/api/npm/npm-repo/fs/-/fs-0.0.1-security.tgz",
      "integrity": "sha1-invTcYa23d84E/I4WLV+yq9eQdQ="
    }
  }
}
